
Microsoft Visual Studio Solution File, Format Version 12.00
# Visual Studio Version 16
VisualStudioVersion = 16.0.30717.126
MinimumVisualStudioVersion = 10.0.40219.1
Project("{FAE04EC0-301F-11D3-BF4B-00C04F79EFBC}") = "WDD-A7-ASPNET", "WDD-A7-ASPNET\WDD-A7-ASPNET.csproj", "{94E8F5E2-EEC9-4F81-A35A-B83A39D37A05}"
EndProject
Global
	GlobalSection(SolutionConfigurationPlatforms) = preSolution
		Debug|Any CPU = Debug|Any CPU
		Release|Any CPU = Release|Any CPU
	EndGlobalSection
	GlobalSection(ProjectConfigurationPlatforms) = postSolution
		{94E8F5E2-EEC9-4F81-A35A-B83A39D37A05}.Debug|Any CPU.ActiveCfg = Debug|Any CPU
		{94E8F5E2-EEC9-4F81-A35A-B83A39D37A05}.Debug|Any CPU.Build.0 = Debug|Any CPU
		{94E8F5E2-EEC9-4F81-A35A-B83A39D37A05}.Release|Any CPU.ActiveCfg = Release|Any CPU
		{94E8F5E2-EEC9-4F81-A35A-B83A39D37A05}.Release|Any CPU.Build.0 = Release|Any CPU
	EndGlobalSection
	GlobalSection(SolutionProperties) = preSolution
		HideSolutionNode = FALSE
	EndGlobalSection
	GlobalSection(ExtensibilityGlobals) = postSolution
		SolutionGuid = {2A016F7A-B9E6-435A-8597-FC68690D7580}
	EndGlobalSection
EndGlobal
